
Microsoft Visual Studio Solution File, Format Version 12.00
# Visual Studio Version 16
VisualStudioVersion = 16.0.30002.166
MinimumVisualStudioVersion = 10.0.40219.1
Project("{FAE04EC0-301F-11D3-BF4B-00C04F79EFBC}") = "Lab5", "Lab5\Lab5.csproj", "{B86BF2A8-30BC-4322-B62C-E9C448D272A5}"
EndProject
Global
	GlobalSection(SolutionConfigurationPlatforms) = preSolution
		Debug|Any CPU = Debug|Any CPU
		Release|Any CPU = Release|Any CPU
	EndGlobalSection
	GlobalSection(ProjectConfigurationPlatforms) = postSolution
		{B86BF2A8-30BC-4322-B62C-E9C448D272A5}.Debug|Any CPU.ActiveCfg = Debug|Any CPU
		{B86BF2A8-30BC-4322-B62C-E9C448D272A5}.Debug|Any CPU.Build.0 = Debug|Any CPU
		{B86BF2A8-30BC-4322-B62C-E9C448D272A5}.Release|Any CPU.ActiveCfg = Release|Any CPU
		{B86BF2A8-30BC-4322-B62C-E9C448D272A5}.Release|Any CPU.Build.0 = Release|Any CPU
	EndGlobalSection
	GlobalSection(SolutionProperties) = preSolution
		HideSolutionNode = FALSE
	EndGlobalSection
	GlobalSection(ExtensibilityGlobals) = postSolution
		SolutionGuid = {D9D6BE91-E7CD-452D-85D1-54E9EDC87087}
	EndGlobalSection
EndGlobal
